schema: '2.0'
stages:
  _check-env-main:
    cmd: calkit check environment --name main
    deps:
    - path: pyproject.toml
      hash: md5
      md5: 6a628bfed7e164c845f3e638e2b2dc35
      size: 383
    outs:
    - path: uv.lock
      hash: md5
      md5: 2279fd3dc518c2c475923e43d7c58340
      size: 352777
  _clean-nb-run-main-notebook:
    cmd: calkit nb clean "notebooks/main.ipynb"
    deps:
    - path: notebooks/main.ipynb
      hash: md5
      md5: 528a4608c25ab017804c01bf3ea21e1e
      size: 688391
    outs:
    - path: .calkit/notebooks/cleaned/notebooks/main.ipynb
      hash: md5
      md5: 700fc28e0d8bcc1c87857a8a28b4c9c7
      size: 686644
  run-main-notebook:
    cmd: calkit nb execute --environment main --no-check --to html "notebooks/main.ipynb"
    deps:
    - path: .calkit/notebooks/cleaned/notebooks/main.ipynb
      hash: md5
      md5: ecb6137fc85ec1fc1cfcbe7563df154a
      size: 84845
    - path: data/raw/penguins.csv
      hash: md5
      md5: 15d47d23d10f2f2f842439a2abdb771d
      size: 15010
    - path: uv.lock
      hash: md5
      md5: 2279fd3dc518c2c475923e43d7c58340
      size: 352777
    outs:
    - path: .calkit/notebooks/html/notebooks/main.html
      hash: md5
      md5: 658d46bfac6bdfdd5f704b7995d96fc7
      size: 1372483
    - path: figures
      hash: md5
      md5: 515ccb99c9d97e353545e207ca4592ca.dir
      size: 974757
      nfiles: 3
    - path: results/vif.json
      hash: md5
      md5: fe3ef99273116cfe05478735b1fb8536
      size: 156
    - path: tables
      hash: md5
      md5: d75fa3ced934128664a6b00b00452781.dir
      size: 964
      nfiles: 1
